{
  "lockfileVersion": 1,
  "configVersion": 1,
  "workspaces": {
    "": {
      "name": "@eng618/prettier-config",
      "dependencies": {
        "@homer0/prettier-plugin-jsdoc": "^11.1.0",
        "prettier-plugin-curly": "^0.4.1",
        "prettier-plugin-multiline-arrays": "^4.1.8",
        "prettier-plugin-organize-imports": "^4.3.0",
        "prettier-plugin-packagejson": "^3.0.2",
        "prettier-plugin-prisma": "^5.0.0",
        "prettier-plugin-sh": "^0.18.1",
        "prettier-plugin-sql": "^0.20.0",
        "prettier-plugin-tailwindcss": "^0.7.4",
      },
      "devDependencies": {
        "prettier": "^3.8.3",
        "typescript": "^6.0.3",
      },
      "peerDependencies": {
        "prettier": ">=3.8.3",
        "typescript": ">=5.0.0",
      },
      "optionalPeers": [
        "typescript",
      ],
    },
  },
  "overrides": {
    "@conventional-changelog/git-client": "^2.0.0",
    "semver": "^7.5.4",
  },
  "packages": {
    "@augment-vir/assert": ["@augment-vir/assert@31.71.2", "", { "dependencies": { "@augment-vir/core": "^31.71.2", "@date-vir/duration": "^8.3.2", "deep-eql": "^5.0.2", "expect-type": "^1.3.0", "type-fest": "^5.6.0" } }, "sha512-YQj88vPSGJUp2mF2QaKbFwuWsUnKifc5EGvIUKBFq8l5zWE410oUgNhT13EPpDsKPlL5TP0kCVz8g02YOOp2FA=="],

    "@augment-vir/common": ["@augment-vir/common@31.71.2", "", { "dependencies": { "@augment-vir/assert": "^31.71.2", "@augment-vir/core": "^31.71.2", "@date-vir/duration": "^8.3.2", "@paralleldrive/cuid2": "^3.3.0", "ansi-styles": "^6.2.3", "deepcopy-esm": "^2.1.1", "json5": "^2.2.3", "type-fest": "^5.6.0", "typed-event-target": "^4.3.0" } }, "sha512-ehoo19jg733b0rYhqfoViuEAs3GnFRfhOP5STOKO5L040Jw/XMgeQsBcUy3Jq8ELuypawoUTVV++SpxC5P4/DQ=="],

    "@augment-vir/core": ["@augment-vir/core@31.71.2", "", { "dependencies": { "@date-vir/duration": "^8.3.2", "browser-or-node": "^3.0.0", "diff": "^9.0.0", "json5": "^2.2.3", "type-fest": "^5.6.0" } }, "sha512-L8Fbz/zsViVf7ojzTBNrBCDdAhre5YQe20JYCj0LhZjdonEw561p7DIvFt1PIRJiPCTu55IMClJu/AuxDCgoIA=="],

    "@date-vir/duration": ["@date-vir/duration@8.3.2", "", { "dependencies": { "@augment-vir/assert": "^31.68.4", "@types/luxon": "^3.7.1", "luxon": "^3.7.2", "type-fest": "^5.5.0" } }, "sha512-17LP5iSeFsXe5Gnggo71jzJi5Az3Laj2Gz6AWvkbMSmbJrkHAugNBVyKLrbxL7qsHwpTFdr2LGK5ncOH06fJ4Q=="],

    "@homer0/prettier-plugin-jsdoc": ["@homer0/prettier-plugin-jsdoc@11.1.0", "", { "dependencies": { "comment-parser": "^1.4.6", "ramda": "0.32.0" }, "peerDependencies": { "prettier": "^3.5.3" } }, "sha512-YIBUGyIJ29dTzrFngGfUwCGBxpzywmDjutOJPwl30C+NRop6D2vJ6zM/eduRH48FYwaf0oBN/8DWp+6iqhThCg=="],

    "@noble/hashes": ["@noble/hashes@2.2.0", "", {}, "sha512-IYqDGiTXab6FniAgnSdZwgWbomxpy9FtYvLKs7wCUs2a8RkITG+DFGO1DM9cr+E3/RgADRpFjrKVaJ1z6sjtEg=="],

    "@paralleldrive/cuid2": ["@paralleldrive/cuid2@3.3.0", "", { "dependencies": { "@noble/hashes": "^2.0.1", "bignumber.js": "^9.3.1", "error-causes": "^3.0.2" }, "bin": { "cuid2": "bin/cuid2.js" } }, "sha512-OqiFvSOF0dBSesELYY2CAMa4YINvlLpvKOz/rv6NeZEqiyttlHgv98Juwv4Ch+GrEV7IZ8jfI2VcEoYUjXXCjw=="],

    "@prisma/prisma-schema-wasm": ["@prisma/prisma-schema-wasm@4.17.0-26.6b0aef69b7cdfc787f822ecd7cdc76d5f1991584", "", {}, "sha512-JFdsnSgBPN8reDTLOI9Vh/6ccCb2aD1LbY/LWQnkcIgNo6IdpzvuM+qRVbBuA6IZP2SdqQI8Lu6RL2P8EFBQUA=="],

    "@reteps/dockerfmt": ["@reteps/dockerfmt@0.5.2", "", {}, "sha512-Hbr7yen4fP5TxGM54ucXa4o5NwWXatJ6Bd9I8gp0PValYbI4Rug2Gu+rVv7K7o/efQc3F5ctqWJz47rYaa8zBw=="],

    "@types/luxon": ["@types/luxon@3.7.1", "", {}, "sha512-H3iskjFIAn5SlJU7OuxUmTEpebK6TKB8rxZShDslBMZJ5u9S//KM1sbdAisiSrqwLQncVjnpi2OK2J51h+4lsg=="],

    "@types/pegjs": ["@types/pegjs@0.10.6", "", {}, "sha512-eLYXDbZWXh2uxf+w8sXS8d6KSoXTswfps6fvCUuVAGN8eRpfe7h9eSRydxiSJvo9Bf+GzifsDOr9TMQlmJdmkw=="],

    "ansi-styles": ["ansi-styles@6.2.3", "", {}, "sha512-4Dj6M28JB+oAH8kFkTLUo+a2jwOFkuqb3yucU0CANcRRUbxS0cP0nZYCGjcc3BNXwRIsUVmDGgzawme7zvJHvg=="],

    "argparse": ["argparse@2.0.1", "", {}, "sha512-8+9WqebbFzpX9OR+Wa6O29asIogeRMzcGtAINdpMHHyAg10f05aSFVBbcEqGf/PXw1EjAZ+q2/bEBg3DvurK3Q=="],

    "big-integer": ["big-integer@1.6.52", "", {}, "sha512-QxD8cf2eVqJOOz63z6JIN9BzvVs/dlySa5HGSBH5xtR8dPteIRQnBxxKqkNTiT6jbDTF6jAfrd4oMcND9RGbQg=="],

    "bignumber.js": ["bignumber.js@9.3.1", "", {}, "sha512-Ko0uX15oIUS7wJ3Rb30Fs6SkVbLmPBAKdlm7q9+ak9bbIeFf0MwuBsQV6z7+X768/cHsfg+WlysDWJcmthjsjQ=="],

    "browser-or-node": ["browser-or-node@3.0.0", "", {}, "sha512-iczIdVJzGEYhP5DqQxYM9Hh7Ztpqqi+CXZpSmX8ALFs9ecXkQIeqRyM6TfxEfMVpwhl3dSuDvxdzzo9sUOIVBQ=="],

    "commander": ["commander@2.20.3", "", {}, "sha512-GpVkmM8vF2vQUkj2LvZmD35JxeJOLCwJ9cUkugyk2nuhbv3+mJvpLYYt+0+USMxE+oj+ey/lJEnhZw75x/OMcQ=="],

    "comment-parser": ["comment-parser@1.4.7", "", {}, "sha512-0h+uSNtQGW3D98eQt3jJ8L06Fves8hncB4V/PKdw/Qb8Hnk19VaKuTr55UNRYiSoVa7WwrFls+rh3ux9agmkeQ=="],

    "deep-eql": ["deep-eql@5.0.2", "", {}, "sha512-h5k/5U50IJJFpzfL6nO9jaaumfjO/f2NjK/oYB2Djzm4p9L+3T9qWpZqZ2hAbLPuuYq9wrU08WQyBTL5GbPk5Q=="],

    "deepcopy-esm": ["deepcopy-esm@2.1.1", "", {}, "sha512-0lopQd/gi3excE3sgBrjuR3gJv6ZElk027i30pUgdjtvSJl/OoZ8B6L42GUBm6C3G8hD1EB5ir2gTYnINzWx4g=="],

    "detect-indent": ["detect-indent@7.0.2", "", {}, "sha512-y+8xyqdGLL+6sh0tVeHcfP/QDd8gUgbasolJJpY7NgeQGSZ739bDtSiaiDgtoicy+mtYB81dKLxO9xRhCyIB3A=="],

    "detect-newline": ["detect-newline@4.0.1", "", {}, "sha512-qE3Veg1YXzGHQhlA6jzebZN2qVf6NX+A7m7qlhCGG30dJixrAQhYOsJjsnBjJkCSmuOPpCk30145fr8FV0bzog=="],

    "diff": ["diff@9.0.0", "", {}, "sha512-svtcdpS8CgJyqAjEQIXdb3OjhFVVYjzGAPO8WGCmRbrml64SPw/jJD4GoE98aR7r25A0XcgrK3F02yw9R/vhQw=="],

    "discontinuous-range": ["discontinuous-range@1.0.0", "", {}, "sha512-c68LpLbO+7kP/b1Hr1qs8/BJ09F5khZGTxqxZuhzxpmwJKOgRFHJWIb9/KmqnqHhLdO55aOxFH/EGBvUQbL/RQ=="],

    "error-causes": ["error-causes@3.0.2", "", {}, "sha512-i0B8zq1dHL6mM85FGoxaJnVtx6LD5nL2v0hlpGdntg5FOSyzQ46c9lmz5qx0xRS2+PWHGOHcYxGIBC5Le2dRMw=="],

    "expect-type": ["expect-type@1.3.0", "", {}, "sha512-knvyeauYhqjOYvQ66MznSMs83wmHrCycNEN6Ao+2AeYEfxUIkuiVxdEa1qlGEPK+We3n0THiDciYSsCcgW/DoA=="],

    "fdir": ["fdir@6.5.0", "", { "peerDependencies": { "picomatch": "^3 || ^4" }, "optionalPeers": ["picomatch"] }, "sha512-tIbYtZbucOs0BRGqPJkshJUYdL+SDH7dVM8gjy+ERp3WAUjLEFJE+02kanyHtwjWOnwrKYBiwAmM0p4kLJAnXg=="],

    "git-hooks-list": ["git-hooks-list@4.2.1", "", {}, "sha512-WNvqJjOxxs/8ZP9+DWdwWJ7cDsd60NHf39XnD82pDVrKO5q7xfPqpkK6hwEAmBa/ZSEE4IOoR75EzbbIuwGlMw=="],

    "is-plain-obj": ["is-plain-obj@4.1.0", "", {}, "sha512-+Pgi+vMuUNkJyExiMBt5IlFoMyKnr5zhJ4Uspz58WOhBF5QoIZkFyNHIbBAtHwzVAgk5RtndVNsDRN61/mmDqg=="],

    "json5": ["json5@2.2.3", "", { "bin": { "json5": "lib/cli.js" } }, "sha512-XmOWe7eyHYH14cLdVPoyg+GOH3rYX++KpzrylJwSW98t3Nk+U8XOl8FWKOgwtzdb8lXGf6zYwDUzeHMWfxasyg=="],

    "jsox": ["jsox@1.2.125", "", { "bin": { "jsox": "lib/cli.js" } }, "sha512-HIf1uwublnXZsy7p3yHTrhzMzrLO6xKnqXytT9pEil5QxaXi8eyer7Is4luF5hYSV4kD3v03Y32FWoAeVYTghQ=="],

    "luxon": ["luxon@3.7.2", "", {}, "sha512-vtEhXh/gNjI9Yg1u4jX/0YVPMvxzHuGgCm6tC5kZyb08yjGWGnqAjGJvcXbqQR2P3MyMEFnRbpcdFS6PBcLqew=="],

    "moo": ["moo@0.5.2", "", {}, "sha512-iSAJLHYKnX41mKcJKjqvnAN9sf0LMDTXDEvFv+ffuRR9a1MIuXLjMNL6EsnDHSkKLTWNqQQ5uo61P4EbU4NU+Q=="],

    "nearley": ["nearley@2.20.1", "", { "dependencies": { "commander": "^2.19.0", "moo": "^0.5.0", "railroad-diagrams": "^1.0.0", "randexp": "0.4.6" }, "bin": { "nearleyc": "bin/nearleyc.js", "nearley-test": "bin/nearley-test.js", "nearley-unparse": "bin/nearley-unparse.js", "nearley-railroad": "bin/nearley-railroad.js" } }, "sha512-+Mc8UaAebFzgV+KpI5n7DasuuQCHA89dmwm7JXw3TV43ukfNQ9DnBH3Mdb2g/I4Fdxc26pwimBWvjIw0UAILSQ=="],

    "node-sql-parser": ["node-sql-parser@5.4.0", "", { "dependencies": { "@types/pegjs": "^0.10.0", "big-integer": "^1.6.48" } }, "sha512-jVe6Z61gPcPjCElPZ6j8llB3wnqGcuQzefim1ERsqIakxnEy5JlzV7XKdO1KmacRG5TKwPc4vJTgSRQ0LfkbFw=="],

    "picomatch": ["picomatch@4.0.3", "", {}, "sha512-5gTmgEY/sqK6gFXLIsQNH19lWb4ebPDLA4SdLP7dsWkIXHWlG66oPuVvXSGFPppYZz8ZDZq0dYYrbHfBCVUb1Q=="],

    "prettier": ["prettier@3.8.3", "", { "bin": { "prettier": "bin/prettier.cjs" } }, "sha512-7igPTM53cGHMW8xWuVTydi2KO233VFiTNyF5hLJqpilHfmn8C8gPf+PS7dUT64YcXFbiMGZxS9pCSxL/Dxm/Jw=="],

    "prettier-plugin-curly": ["prettier-plugin-curly@0.4.1", "", { "peerDependencies": { "prettier": "^3" } }, "sha512-Xc7zatoD0/08zYFv+hwnlqT5ekM81DCbBr73CWAsr1Fmx7qLQT/M0wfPx6w/+zfnmXH009xYvjzLUPcwzq7Fbw=="],

    "prettier-plugin-multiline-arrays": ["prettier-plugin-multiline-arrays@4.1.8", "", { "dependencies": { "@augment-vir/assert": "^31.68.4", "@augment-vir/common": "^31.68.4", "proxy-vir": "^2.0.2" }, "peerDependencies": { "prettier": ">=3.0.0 <4.0.0" } }, "sha512-crMXJTtHLQMLKax6T4YFUU6ho4IiLBNaUM79PwN8jdwxaXzMEZS6LJxqTjxXMoCsLaCyEa+M8SCv2+JGCH5X7Q=="],

    "prettier-plugin-organize-imports": ["prettier-plugin-organize-imports@4.3.0", "", { "peerDependencies": { "prettier": ">=2.0", "typescript": ">=2.9", "vue-tsc": "^2.1.0 || 3" }, "optionalPeers": ["vue-tsc"] }, "sha512-FxFz0qFhyBsGdIsb697f/EkvHzi5SZOhWAjxcx2dLt+Q532bAlhswcXGYB1yzjZ69kW8UoadFBw7TyNwlq96Iw=="],

    "prettier-plugin-packagejson": ["prettier-plugin-packagejson@3.0.2", "", { "dependencies": { "sort-package-json": "^3.6.0" }, "peerDependencies": { "prettier": "^3" }, "optionalPeers": ["prettier"] }, "sha512-kmoj3hEynXwoHDo8ZhmWAIjRBoQWCDUVackiWfSDWdgD0rS3LGB61T9zoVbume/cotYdCoadUh4sqViAmXvpBQ=="],

    "prettier-plugin-prisma": ["prettier-plugin-prisma@5.0.0", "", { "dependencies": { "@prisma/prisma-schema-wasm": "4.17.0-26.6b0aef69b7cdfc787f822ecd7cdc76d5f1991584" }, "peerDependencies": { "prettier": ">=2 || >=3" } }, "sha512-jTJV04D9+yF7ziOOMs7CJe4ijgAH7DEGjt0SAWAToGNRy1H6BEhvcKA2UQH6gC6KVW5zeeOSAvsoiDDTt9oKXg=="],

    "prettier-plugin-sh": ["prettier-plugin-sh@0.18.1", "", { "dependencies": { "@reteps/dockerfmt": "^0.5.1", "sh-syntax": "^0.5.8" }, "peerDependencies": { "prettier": "^3.6.0" } }, "sha512-uZmU22wBMevjh3rmCatNQqiEer2+5KLa0xYCBX6zQQUQkcNzVL+s6FbPKK6ZSUNUbQk6jMAcQHrYPvuL2W6ihQ=="],

    "prettier-plugin-sql": ["prettier-plugin-sql@0.20.0", "", { "dependencies": { "jsox": "^1.2.123", "node-sql-parser": "^5.3.10", "sql-formatter": "^15.7.0", "tslib": "^2.8.1" }, "peerDependencies": { "prettier": "^3.0.3" } }, "sha512-7GRuduJIbWd10bFfYdFuymZdcVF37ZCukiuVi2a4c5ccqjAxHQtKbK7zSKyqGrFjCOBLQVVz4BStKWV7YvxAFA=="],

    "prettier-plugin-tailwindcss": ["prettier-plugin-tailwindcss@0.7.4", "", { "peerDependencies": { "@ianvs/prettier-plugin-sort-imports": "*", "@prettier/plugin-hermes": "*", "@prettier/plugin-oxc": "*", "@prettier/plugin-pug": "*", "@shopify/prettier-plugin-liquid": "*", "@trivago/prettier-plugin-sort-imports": "*", "@zackad/prettier-plugin-twig": "*", "prettier": "^3.0", "prettier-plugin-astro": "*", "prettier-plugin-css-order": "*", "prettier-plugin-jsdoc": "*", "prettier-plugin-marko": "*", "prettier-plugin-multiline-arrays": "*", "prettier-plugin-organize-attributes": "*", "prettier-plugin-organize-imports": "*", "prettier-plugin-sort-imports": "*", "prettier-plugin-svelte": "*" }, "optionalPeers": ["@ianvs/prettier-plugin-sort-imports", "@prettier/plugin-hermes", "@prettier/plugin-oxc", "@prettier/plugin-pug", "@shopify/prettier-plugin-liquid", "@trivago/prettier-plugin-sort-imports", "@zackad/prettier-plugin-twig", "prettier-plugin-astro", "prettier-plugin-css-order", "prettier-plugin-jsdoc", "prettier-plugin-marko", "prettier-plugin-multiline-arrays", "prettier-plugin-organize-attributes", "prettier-plugin-organize-imports", "prettier-plugin-sort-imports", "prettier-plugin-svelte"] }, "sha512-UKii4RjY05SNt/WQi6/NcOn/LsT0/ILLXsxygjbRg5/YZelsSu5jTqorYHPDGq4nZy5q5hpCu+XdGZ1xaJEQgw=="],

    "proxy-vir": ["proxy-vir@2.0.2", "", { "dependencies": { "@augment-vir/assert": "^31.59.3", "@augment-vir/common": "^31.59.3" } }, "sha512-YgV6c/9aJ7RyNZDTPqLQ6SdqBocWHGUa5rU3hyEsHj2kg4/b0y0EMWp3dNNUEJQrw6BoywonNINEVyFvj97YXQ=="],

    "railroad-diagrams": ["railroad-diagrams@1.0.0", "", {}, "sha512-cz93DjNeLY0idrCNOH6PviZGRN9GJhsdm9hpn1YCS879fj4W+x5IFJhhkRZcwVgMmFF7R82UA/7Oh+R8lLZg6A=="],

    "ramda": ["ramda@0.32.0", "", {}, "sha512-GQWAHhxhxWBWA8oIBr1XahFVjQ9Fic6MK9ikijfd4TZHfE2+urfk+irVlR5VOn48uwMgM+loRRBJd6Yjsbc0zQ=="],

    "randexp": ["randexp@0.4.6", "", { "dependencies": { "discontinuous-range": "1.0.0", "ret": "~0.1.10" } }, "sha512-80WNmd9DA0tmZrw9qQa62GPPWfuXJknrmVmLcxvq4uZBdYqb1wYoKTmnlGUchvVWe0XiLupYkBoXVOxz3C8DYQ=="],

    "ret": ["ret@0.1.15", "", {}, "sha512-TTlYpa+OL+vMMNG24xSlQGEJ3B/RzEfUlLct7b5G/ytav+wPrplCpVMFuwzXbkecJrb6IYo1iFb0S9v37754mg=="],

    "semver": ["semver@7.7.4", "", { "bin": { "semver": "bin/semver.js" } }, "sha512-vFKC2IEtQnVhpT78h1Yp8wzwrf8CM+MzKMHGJZfBtzhZNycRFnXsHk6E5TxIkkMsgNS7mdX3AGB7x2QM2di4lA=="],

    "sh-syntax": ["sh-syntax@0.5.8", "", { "dependencies": { "tslib": "^2.8.1" } }, "sha512-JfVoxf4FxQI5qpsPbkHhZo+n6N9YMJobyl4oGEUBb/31oQYlgTjkXQD8PBiafS2UbWoxrTO0Z5PJUBXEPAG1Zw=="],

    "sort-object-keys": ["sort-object-keys@2.1.0", "", {}, "sha512-SOiEnthkJKPv2L6ec6HMwhUcN0/lppkeYuN1x63PbyPRrgSPIuBJCiYxYyvWRTtjMlOi14vQUCGUJqS6PLVm8g=="],

    "sort-package-json": ["sort-package-json@3.6.0", "", { "dependencies": { "detect-indent": "^7.0.2", "detect-newline": "^4.0.1", "git-hooks-list": "^4.1.1", "is-plain-obj": "^4.1.0", "semver": "^7.7.3", "sort-object-keys": "^2.0.1", "tinyglobby": "^0.2.15" }, "bin": { "sort-package-json": "cli.js" } }, "sha512-fyJsPLhWvY7u2KsKPZn1PixbXp+1m7V8NWqU8CvgFRbMEX41Ffw1kD8n0CfJiGoaSfoAvbrqRRl/DcHO8omQOQ=="],

    "sql-formatter": ["sql-formatter@15.7.2", "", { "dependencies": { "argparse": "^2.0.1", "nearley": "^2.20.1" }, "bin": { "sql-formatter": "bin/sql-formatter-cli.cjs" } }, "sha512-b0BGoM81KFRVSpZFwPpIPU5gng4YD8DI/taLD96NXCFRf5af3FzSE4aSwjKmxcyTmf/MfPu91j75883nRrWDBw=="],

    "tagged-tag": ["tagged-tag@1.0.0", "", {}, "sha512-yEFYrVhod+hdNyx7g5Bnkkb0G6si8HJurOoOEgC8B/O0uXLHlaey/65KRv6cuWBNhBgHKAROVpc7QyYqE5gFng=="],

    "tinyglobby": ["tinyglobby@0.2.15", "", { "dependencies": { "fdir": "^6.5.0", "picomatch": "^4.0.3" } }, "sha512-j2Zq4NyQYG5XMST4cbs02Ak8iJUdxRM0XI5QyxXuZOzKOINmWurp3smXu3y5wDcJrptwpSjgXHzIQxR0omXljQ=="],

    "tslib": ["tslib@2.8.1", "", {}, "sha512-oJFu94HQb+KVduSUQL7wnpmqnfmLsOA/nAh6b6EH0wCEoK0/mPeXU6c3wKDV83MkOuHPRHtSXKKU99IBazS/2w=="],

    "type-fest": ["type-fest@5.6.0", "", { "dependencies": { "tagged-tag": "^1.0.0" } }, "sha512-8ZiHFm91orbSAe2PSAiSVBVko18pbhbiB3U9GglSzF/zCGkR+rxpHx6sEMCUm4kxY4LjDIUGgCfUMtwfZfjfUA=="],

    "typed-event-target": ["typed-event-target@4.3.0", "", { "dependencies": { "@augment-vir/assert": "^31.67.1", "@augment-vir/common": "^31.67.1", "@augment-vir/core": "^31.67.1" } }, "sha512-21TH+1pkLuMNjwsDDXY5272CWmxgwszWd7kOoTsxgc87kcSkH9wiandsyVQbOXC2e85H8k+xKL3OEfKxt/pwxg=="],

    "typescript": ["typescript@6.0.3", "", { "bin": { "tsc": "bin/tsc", "tsserver": "bin/tsserver" } }, "sha512-y2TvuxSZPDyQakkFRPZHKFm+KKVqIisdg9/CZwm9ftvKXLP8NRWj38/ODjNbr43SsoXqNuAisEf1GdCxqWcdBw=="],

    "proxy-vir/@augment-vir/assert": ["@augment-vir/assert@31.62.0", "", { "dependencies": { "@augment-vir/core": "^31.62.0", "@date-vir/duration": "^8.1.0", "deep-eql": "^5.0.2", "expect-type": "^1.3.0", "type-fest": "^5.4.4" } }, "sha512-1VhWop1ir8nMOUel0MbMQoS8VpQln1G1J9nUqe1n6aFsqDoJVZ3uQZRfHqdvOxxK2/jAuTAgf39SCchgz8HM7g=="],

    "proxy-vir/@augment-vir/common": ["@augment-vir/common@31.62.0", "", { "dependencies": { "@augment-vir/assert": "^31.62.0", "@augment-vir/core": "^31.62.0", "@date-vir/duration": "^8.1.0", "ansi-styles": "^6.2.3", "deepcopy-esm": "^2.1.1", "json5": "^2.2.3", "type-fest": "^5.4.4", "typed-event-target": "^4.1.0" } }, "sha512-l8KNDGMO6h+f7g40NRNgCYhZrfYYJZa9RnfG0+uWyUUb61nTwJDcNt4cnpiBbyVFsb3GXDYBHHZTrl6dG1ij/Q=="],

    "proxy-vir/@augment-vir/assert/@augment-vir/core": ["@augment-vir/core@31.62.0", "", { "dependencies": { "@date-vir/duration": "^8.1.0", "browser-or-node": "^3.0.0", "diff": "^8.0.3", "json5": "^2.2.3", "type-fest": "^5.4.4" } }, "sha512-Gn04jj4dv3RaPXWa+uCLENuBHc1BLCA2SvfB+9QoxEdAuppEuqEX1VZIEaN/ceAgaZMDSEHHwQ8/cA6F4ZvLow=="],

    "proxy-vir/@augment-vir/assert/@date-vir/duration": ["@date-vir/duration@8.1.1", "", { "dependencies": { "@augment-vir/assert": "^31.59.3", "@types/luxon": "^3.7.1", "luxon": "^3.7.2", "type-fest": "^5.4.4" } }, "sha512-Yyy843MnUPsyGaDt07b4/Y8Sbh9Vcka1XwxVI5eWV7x8kigF+NtH5onsLlHELfF/rsjchVOnWRlBCkCpjltoJA=="],

    "proxy-vir/@augment-vir/assert/type-fest": ["type-fest@5.4.4", "", { "dependencies": { "tagged-tag": "^1.0.0" } }, "sha512-JnTrzGu+zPV3aXIUhnyWJj4z/wigMsdYajGLIYakqyOW1nPllzXEJee0QQbHj+CTIQtXGlAjuK0UY+2xTyjVAw=="],

    "proxy-vir/@augment-vir/common/@augment-vir/core": ["@augment-vir/core@31.62.0", "", { "dependencies": { "@date-vir/duration": "^8.1.0", "browser-or-node": "^3.0.0", "diff": "^8.0.3", "json5": "^2.2.3", "type-fest": "^5.4.4" } }, "sha512-Gn04jj4dv3RaPXWa+uCLENuBHc1BLCA2SvfB+9QoxEdAuppEuqEX1VZIEaN/ceAgaZMDSEHHwQ8/cA6F4ZvLow=="],

    "proxy-vir/@augment-vir/common/@date-vir/duration": ["@date-vir/duration@8.1.1", "", { "dependencies": { "@augment-vir/assert": "^31.59.3", "@types/luxon": "^3.7.1", "luxon": "^3.7.2", "type-fest": "^5.4.4" } }, "sha512-Yyy843MnUPsyGaDt07b4/Y8Sbh9Vcka1XwxVI5eWV7x8kigF+NtH5onsLlHELfF/rsjchVOnWRlBCkCpjltoJA=="],

    "proxy-vir/@augment-vir/common/type-fest": ["type-fest@5.4.4", "", { "dependencies": { "tagged-tag": "^1.0.0" } }, "sha512-JnTrzGu+zPV3aXIUhnyWJj4z/wigMsdYajGLIYakqyOW1nPllzXEJee0QQbHj+CTIQtXGlAjuK0UY+2xTyjVAw=="],

    "proxy-vir/@augment-vir/common/typed-event-target": ["typed-event-target@4.1.0", "", { "dependencies": { "@augment-vir/assert": "^31.19.1", "@augment-vir/common": "^31.19.1", "@augment-vir/core": "^31.19.1" } }, "sha512-fDFhZb7ofywLsVv8mYePD6ONfCpVHyM1t2dboEJx/XMsnflljnu3GQ5qH09hS1USuypGMR7wRbdWQPydgJ8nGQ=="],

    "proxy-vir/@augment-vir/assert/@augment-vir/core/diff": ["diff@8.0.3", "", {}, "sha512-qejHi7bcSD4hQAZE0tNAawRK1ZtafHDmMTMkrrIGgSLl7hTnQHmKCeB45xAcbfTqK2zowkM3j3bHt/4b/ARbYQ=="],

    "proxy-vir/@augment-vir/common/@augment-vir/core/diff": ["diff@8.0.3", "", {}, "sha512-qejHi7bcSD4hQAZE0tNAawRK1ZtafHDmMTMkrrIGgSLl7hTnQHmKCeB45xAcbfTqK2zowkM3j3bHt/4b/ARbYQ=="],
  }
}
