# This file is generated by running "yarn install" inside your project.
# Manual changes might be lost - proceed with caution!

__metadata:
  version: 8
  cacheKey: 10

"@augment-vir/assert@npm:^31.19.1, @augment-vir/assert@npm:^31.59.3, @augment-vir/assert@npm:^31.62.0":
  version: 31.62.0
  resolution: "@augment-vir/assert@npm:31.62.0"
  dependencies:
    "@augment-vir/core": "npm:^31.62.0"
    "@date-vir/duration": "npm:^8.1.0"
    deep-eql: "npm:^5.0.2"
    expect-type: "npm:^1.3.0"
    type-fest: "npm:^5.4.4"
  checksum: 10/41450fe4ec7b837881f32eedefd24d1bd89f5bf6cde0ef00c86054a2c918355fbfe24db5767688dcc3ec4e7d7f6fd710280058b909b68b54f155b63e22b3316a
  languageName: node
  linkType: hard

"@augment-vir/common@npm:^31.19.1, @augment-vir/common@npm:^31.59.3":
  version: 31.62.0
  resolution: "@augment-vir/common@npm:31.62.0"
  dependencies:
    "@augment-vir/assert": "npm:^31.62.0"
    "@augment-vir/core": "npm:^31.62.0"
    "@date-vir/duration": "npm:^8.1.0"
    ansi-styles: "npm:^6.2.3"
    deepcopy-esm: "npm:^2.1.1"
    json5: "npm:^2.2.3"
    type-fest: "npm:^5.4.4"
    typed-event-target: "npm:^4.1.0"
  checksum: 10/b1e81237f3761fb849184b37d9205fd6f5d3bc84c6a00631138b2ea9afaee92cfbd005846a743726f659a83228afd1b6862d0299824b3d1279da5794105d8ac1
  languageName: node
  linkType: hard

"@augment-vir/core@npm:^31.19.1, @augment-vir/core@npm:^31.62.0":
  version: 31.62.0
  resolution: "@augment-vir/core@npm:31.62.0"
  dependencies:
    "@date-vir/duration": "npm:^8.1.0"
    browser-or-node: "npm:^3.0.0"
    diff: "npm:^8.0.3"
    json5: "npm:^2.2.3"
    type-fest: "npm:^5.4.4"
  checksum: 10/b48e9e152bdb646dbb6c676f389c156af0c623e12c0d7c50f779890d5a348ded4a7c4320b6ae814955657b5c9e00b714423128fc972a3d44c3fee5c04b357c75
  languageName: node
  linkType: hard

"@date-vir/duration@npm:^8.1.0":
  version: 8.1.1
  resolution: "@date-vir/duration@npm:8.1.1"
  dependencies:
    "@augment-vir/assert": "npm:^31.59.3"
    "@types/luxon": "npm:^3.7.1"
    luxon: "npm:^3.7.2"
    type-fest: "npm:^5.4.4"
  checksum: 10/618978255b382b8210ce4d69855df8f2eaad0bb06acf5e9b47e85610bdb1a1c12d8712316f59254d8653a41b7de2ee90247a3fd71edd9d944be8532763684adc
  languageName: node
  linkType: hard

"@eng618/prettier-config@workspace:.":
  version: 0.0.0-use.local
  resolution: "@eng618/prettier-config@workspace:."
  dependencies:
    prettier: "npm:^3.8.1"
    prettier-plugin-curly: "npm:^0.4.1"
    prettier-plugin-jsdoc: "npm:^1.3.3"
    prettier-plugin-multiline-arrays: "npm:^4.1.4"
    prettier-plugin-organize-imports: "npm:^4.3.0"
    prettier-plugin-packagejson: "npm:^3.0.0"
    prettier-plugin-prisma: "npm:^5.0.0"
    prettier-plugin-sh: "npm:^0.18.0"
    prettier-plugin-sql: "npm:^0.19.2"
    prettier-plugin-tailwindcss: "npm:^0.7.2"
    typescript: "npm:^5.9.3"
  peerDependencies:
    prettier: ">=3.0.0"
    typescript: ">=5.0.0"
  peerDependenciesMeta:
    typescript:
      optional: true
  languageName: unknown
  linkType: soft

"@prisma/prisma-schema-wasm@npm:4.17.0-26.6b0aef69b7cdfc787f822ecd7cdc76d5f1991584":
  version: 4.17.0-26.6b0aef69b7cdfc787f822ecd7cdc76d5f1991584
  resolution: "@prisma/prisma-schema-wasm@npm:4.17.0-26.6b0aef69b7cdfc787f822ecd7cdc76d5f1991584"
  checksum: 10/da1aafee25857adf414022c3cbb4b15a7e64063ef0e87de855cc87abd74cc015ce906da8e6714529e1ea3219eaf7c26409ecba835d57bbc4143dfd5f91d81a72
  languageName: node
  linkType: hard

"@reteps/dockerfmt@npm:^0.3.6":
  version: 0.3.6
  resolution: "@reteps/dockerfmt@npm:0.3.6"
  checksum: 10/2664c830f0c0c577ef37f9fe6f722d4e0086bf065f51dd4cd992d6df96aba859c0e6cf46e1ddb9853d6969e8cc03eafa4265d4e3bfe44338b7266843c7da41b7
  languageName: node
  linkType: hard

"@types/debug@npm:^4.0.0":
  version: 4.1.12
  resolution: "@types/debug@npm:4.1.12"
  dependencies:
    "@types/ms": "npm:*"
  checksum: 10/47876a852de8240bfdaf7481357af2b88cb660d30c72e73789abf00c499d6bc7cd5e52f41c915d1b9cd8ec9fef5b05688d7b7aef17f7f272c2d04679508d1053
  languageName: node
  linkType: hard

"@types/luxon@npm:^3.7.1":
  version: 3.7.1
  resolution: "@types/luxon@npm:3.7.1"
  checksum: 10/c7bc164c278393ea0be938f986c74b4cddfab9013b1aff4495b016f771ded1d5b7b7b4825b2c7f0b8799edce19c5f531c28ff434ab3dedf994ac2d99a20fd4c4
  languageName: node
  linkType: hard

"@types/mdast@npm:^4.0.0":
  version: 4.0.4
  resolution: "@types/mdast@npm:4.0.4"
  dependencies:
    "@types/unist": "npm:*"
  checksum: 10/efe3ec11b9ee0015a396c4fb4cd1b6f31b51b8ae9783c59560e6fc0bf6c2fa1dcc7fccaf45fa09a6c8b3397fab9dc8d431433935cae3835caa70a18f7fc775f8
  languageName: node
  linkType: hard

"@types/ms@npm:*":
  version: 2.1.0
  resolution: "@types/ms@npm:2.1.0"
  checksum: 10/532d2ebb91937ccc4a89389715e5b47d4c66e708d15942fe6cc25add6dc37b2be058230a327dd50f43f89b8b6d5d52b74685a9e8f70516edfc9bdd6be910eff4
  languageName: node
  linkType: hard

"@types/pegjs@npm:^0.10.0":
  version: 0.10.6
  resolution: "@types/pegjs@npm:0.10.6"
  checksum: 10/be219504714e219b37daee7ef3214b6876d98405cc56b2d084763134032fd46394c5d0e387216ee3e52bd519fe7341e25bdec855f2a911c49a593b21fd8ea4a6
  languageName: node
  linkType: hard

"@types/unist@npm:*, @types/unist@npm:^3.0.0":
  version: 3.0.3
  resolution: "@types/unist@npm:3.0.3"
  checksum: 10/96e6453da9e075aaef1dc22482463898198acdc1eeb99b465e65e34303e2ec1e3b1ed4469a9118275ec284dc98019f63c3f5d49422f0e4ac707e5ab90fb3b71a
  languageName: node
  linkType: hard

"ansi-styles@npm:^6.2.3":
  version: 6.2.3
  resolution: "ansi-styles@npm:6.2.3"
  checksum: 10/c49dad7639f3e48859bd51824c93b9eb0db628afc243c51c3dd2410c4a15ede1a83881c6c7341aa2b159c4f90c11befb38f2ba848c07c66c9f9de4bcd7cb9f30
  languageName: node
  linkType: hard

"argparse@npm:^2.0.1":
  version: 2.0.1
  resolution: "argparse@npm:2.0.1"
  checksum: 10/18640244e641a417ec75a9bd38b0b2b6b95af5199aa241b131d4b2fb206f334d7ecc600bd194861610a5579084978bfcbb02baa399dbe442d56d0ae5e60dbaef
  languageName: node
  linkType: hard

"big-integer@npm:^1.6.48":
  version: 1.6.52
  resolution: "big-integer@npm:1.6.52"
  checksum: 10/4bc6ae152a96edc9f95020f5fc66b13d26a9ad9a021225a9f0213f7e3dc44269f423aa8c42e19d6ac4a63bb2b22140b95d10be8f9ca7a6d9aa1b22b330d1f514
  languageName: node
  linkType: hard

"binary-searching@npm:^2.0.5":
  version: 2.0.5
  resolution: "binary-searching@npm:2.0.5"
  checksum: 10/8399941f7a7fe24093a41937fdb0fee6226887e376d5c01c766aee66a4058182b891c491c0de120af1aaa9c10c4637d325d56f6ca38883c66a2f0c7dcc81a6b3
  languageName: node
  linkType: hard

"browser-or-node@npm:^3.0.0":
  version: 3.0.0
  resolution: "browser-or-node@npm:3.0.0"
  checksum: 10/51d74cc5d0139da3d37e83ff3906fcca20d02c42aa8b81a48d9ea01806f36df1a4b55006670071b1d7423967777275920054ec8b723410534b580b0232c5093d
  languageName: node
  linkType: hard

"character-entities@npm:^2.0.0":
  version: 2.0.2
  resolution: "character-entities@npm:2.0.2"
  checksum: 10/c8dd1f4bf1a92fccf7d2fad9673660a88b37854557d30f6076c32fedfb92d1420208298829ff1d3b6b4fa1c7012e8326c45e7f5c3ed1e9a09ec177593c521b2f
  languageName: node
  linkType: hard

"commander@npm:^2.19.0":
  version: 2.20.3
  resolution: "commander@npm:2.20.3"
  checksum: 10/90c5b6898610cd075984c58c4f88418a4fb44af08c1b1415e9854c03171bec31b336b7f3e4cefe33de994b3f12b03c5e2d638da4316df83593b9e82554e7e95b
  languageName: node
  linkType: hard

"comment-parser@npm:^1.4.0":
  version: 1.4.5
  resolution: "comment-parser@npm:1.4.5"
  checksum: 10/4b5cacc7ab1ec48e3f51b788bd7cda567f5c83040e029e5c92eacf0785735a9b44ac49fdaf73d9bd4af9464aa4cc8cc7184902090b55b0023605a845f2666ba4
  languageName: node
  linkType: hard

"debug@npm:^4.0.0":
  version: 4.4.3
  resolution: "debug@npm:4.4.3"
  dependencies:
    ms: "npm:^2.1.3"
  peerDependenciesMeta:
    supports-color:
      optional: true
  checksum: 10/9ada3434ea2993800bd9a1e320bd4aa7af69659fb51cca685d390949434bc0a8873c21ed7c9b852af6f2455a55c6d050aa3937d52b3c69f796dab666f762acad
  languageName: node
  linkType: hard

"decode-named-character-reference@npm:^1.0.0":
  version: 1.3.0
  resolution: "decode-named-character-reference@npm:1.3.0"
  dependencies:
    character-entities: "npm:^2.0.0"
  checksum: 10/82eb1208abf59d1f1e368285b6880201a3c3f147a4d7ce74e44cd41374ef00c9a376e8595e38002031db63291f91f7f3ff56b9724f715befff8f5566593d6de0
  languageName: node
  linkType: hard

"deep-eql@npm:^5.0.2":
  version: 5.0.2
  resolution: "deep-eql@npm:5.0.2"
  checksum: 10/a529b81e2ef8821621d20a36959a0328873a3e49d393ad11f8efe8559f31239494c2eb889b80342808674c475802ba95b9d6c4c27641b9a029405104c1b59fcf
  languageName: node
  linkType: hard

"deepcopy-esm@npm:^2.1.1":
  version: 2.1.1
  resolution: "deepcopy-esm@npm:2.1.1"
  checksum: 10/8a3cf9f32b7a33afe13ab49f6a78822bfd57b0bdfc2350c1907f236990e3b48824ab3a21e7a4baad2d8ae9f5548bbbc23faa0a5696a30164c8480f8cf10015c7
  languageName: node
  linkType: hard

"dequal@npm:^2.0.0":
  version: 2.0.3
  resolution: "dequal@npm:2.0.3"
  checksum: 10/6ff05a7561f33603df87c45e389c9ac0a95e3c056be3da1a0c4702149e3a7f6fe5ffbb294478687ba51a9e95f3a60e8b6b9005993acd79c292c7d15f71964b6b
  languageName: node
  linkType: hard

"detect-indent@npm:^7.0.2":
  version: 7.0.2
  resolution: "detect-indent@npm:7.0.2"
  checksum: 10/ef215d1b55a14f677ce03e840973b25362b6f8cd3f566bc82831fa1abb2be6a95423729bc573dc2334b1371ad7be18d9ec67e1a9611b71a04cb6d63f0d8e54cc
  languageName: node
  linkType: hard

"detect-newline@npm:^4.0.1":
  version: 4.0.1
  resolution: "detect-newline@npm:4.0.1"
  checksum: 10/0409ecdfb93419591ccff24fccfe2ddddad29b66637d1ed898872125b25af05014fdeedc9306339577060f69f59fe6e9830cdd80948597f136dfbffefa60599c
  languageName: node
  linkType: hard

"devlop@npm:^1.0.0":
  version: 1.1.0
  resolution: "devlop@npm:1.1.0"
  dependencies:
    dequal: "npm:^2.0.0"
  checksum: 10/3cc5f903d02d279d6dc4aa71ab6ed9898b9f4d1f861cc5421ce7357893c21b9520de78afb203c92bd650a6977ad0ca98195453a0707a39958cf5fea3b0a8ddd8
  languageName: node
  linkType: hard

"diff@npm:^8.0.3":
  version: 8.0.3
  resolution: "diff@npm:8.0.3"
  checksum: 10/52f957e1fa53db4616ff5f4811b92b22b97a160c12a2f86f22debd4181227b0f6751aa8fd711d6a8fcf4618acb13b86bc702e6d9d6d6ed82acfd00c9cb26ace2
  languageName: node
  linkType: hard

"discontinuous-range@npm:1.0.0":
  version: 1.0.0
  resolution: "discontinuous-range@npm:1.0.0"
  checksum: 10/3c1716c6f107e80082600ac57648b49baa9aa60f71a442dadbaf66179610e239ed95ba96ff6080bc7845ea027ffe9176e22e94a04ff275a7dd5c30e2aece4cba
  languageName: node
  linkType: hard

"expect-type@npm:^1.3.0":
  version: 1.3.0
  resolution: "expect-type@npm:1.3.0"
  checksum: 10/a5fada3d0c621649261f886e7d93e6bf80ce26d8a86e5d517e38301b8baec8450ab2cb94ba6e7a0a6bf2fc9ee55f54e1b06938ef1efa52ddcfeffbfa01acbbcc
  languageName: node
  linkType: hard

"fdir@npm:^6.5.0":
  version: 6.5.0
  resolution: "fdir@npm:6.5.0"
  peerDependencies:
    picomatch: ^3 || ^4
  peerDependenciesMeta:
    picomatch:
      optional: true
  checksum: 10/14ca1c9f0a0e8f4f2e9bf4e8551065a164a09545dae548c12a18d238b72e51e5a7b39bd8e5494b56463a0877672d0a6c1ef62c6fa0677db1b0c847773be939b1
  languageName: node
  linkType: hard

"git-hooks-list@npm:^4.1.1":
  version: 4.2.1
  resolution: "git-hooks-list@npm:4.2.1"
  checksum: 10/39449520045539c03b1d45d3a010424849152d6f723b638c6f19cb8c8b0993bb30ed5ef09653f4d1c1356f5fb51a396059096d8bdfcb6ca7ccb54f6e26efc338
  languageName: node
  linkType: hard

"is-plain-obj@npm:^4.1.0":
  version: 4.1.0
  resolution: "is-plain-obj@npm:4.1.0"
  checksum: 10/6dc45da70d04a81f35c9310971e78a6a3c7a63547ef782e3a07ee3674695081b6ca4e977fbb8efc48dae3375e0b34558d2bcd722aec9bddfa2d7db5b041be8ce
  languageName: node
  linkType: hard

"json5@npm:^2.2.3":
  version: 2.2.3
  resolution: "json5@npm:2.2.3"
  bin:
    json5: lib/cli.js
  checksum: 10/1db67b853ff0de3534085d630691d3247de53a2ed1390ba0ddff681ea43e9b3e30ecbdb65c5e9aab49435e44059c23dbd6fee8ee619419ba37465bb0dd7135da
  languageName: node
  linkType: hard

"jsox@npm:^1.2.123":
  version: 1.2.125
  resolution: "jsox@npm:1.2.125"
  bin:
    jsox: lib/cli.js
  checksum: 10/af16f910d8290a87a537e3258ca2e75ddc272a87eaf69a03168ed7fb7a9f1863a2fc731b65d6c4bd20ffe0fbedb9d0d29ef2a39cd697b0a236d773a23c1a6d56
  languageName: node
  linkType: hard

"luxon@npm:^3.7.2":
  version: 3.7.2
  resolution: "luxon@npm:3.7.2"
  checksum: 10/b24cd205ed306ce7415991687897dcc4027921ae413c9116590bc33a95f93b86ce52cf74ba72b4f5c5ab1c10090517f54ac8edfb127c049e0bf55b90dc2260be
  languageName: node
  linkType: hard

"mdast-util-from-markdown@npm:^2.0.0":
  version: 2.0.2
  resolution: "mdast-util-from-markdown@npm:2.0.2"
  dependencies:
    "@types/mdast": "npm:^4.0.0"
    "@types/unist": "npm:^3.0.0"
    decode-named-character-reference: "npm:^1.0.0"
    devlop: "npm:^1.0.0"
    mdast-util-to-string: "npm:^4.0.0"
    micromark: "npm:^4.0.0"
    micromark-util-decode-numeric-character-reference: "npm:^2.0.0"
    micromark-util-decode-string: "npm:^2.0.0"
    micromark-util-normalize-identifier: "npm:^2.0.0"
    micromark-util-symbol: "npm:^2.0.0"
    micromark-util-types: "npm:^2.0.0"
    unist-util-stringify-position: "npm:^4.0.0"
  checksum: 10/69b207913fbcc0469f8c59d922af4d5509b79e809d77c9bd4781543a907fe2ecc8e6433ce0707066a27b117b13f38af3aae4f2d085e18ebd2d3ad5f1a5647902
  languageName: node
  linkType: hard

"mdast-util-to-string@npm:^4.0.0":
  version: 4.0.0
  resolution: "mdast-util-to-string@npm:4.0.0"
  dependencies:
    "@types/mdast": "npm:^4.0.0"
  checksum: 10/f4a5dbb9ea03521d7d3e26a9ba5652a1d6fbd55706dddd2155427517085688830e0ecd3f12418cfd40892640886eb39a4034c3c967d85e01e2fa64cfb53cff05
  languageName: node
  linkType: hard

"micromark-core-commonmark@npm:^2.0.0":
  version: 2.0.3
  resolution: "micromark-core-commonmark@npm:2.0.3"
  dependencies:
    decode-named-character-reference: "npm:^1.0.0"
    devlop: "npm:^1.0.0"
    micromark-factory-destination: "npm:^2.0.0"
    micromark-factory-label: "npm:^2.0.0"
    micromark-factory-space: "npm:^2.0.0"
    micromark-factory-title: "npm:^2.0.0"
    micromark-factory-whitespace: "npm:^2.0.0"
    micromark-util-character: "npm:^2.0.0"
    micromark-util-chunked: "npm:^2.0.0"
    micromark-util-classify-character: "npm:^2.0.0"
    micromark-util-html-tag-name: "npm:^2.0.0"
    micromark-util-normalize-identifier: "npm:^2.0.0"
    micromark-util-resolve-all: "npm:^2.0.0"
    micromark-util-subtokenize: "npm:^2.0.0"
    micromark-util-symbol: "npm:^2.0.0"
    micromark-util-types: "npm:^2.0.0"
  checksum: 10/2b98b9eba1463850ebd8f338f966bd2113dafe764b490ebee3dccab3764d3c48b53fe67673297530e56bf54f58de27dfd1952ed79c5b4e32047cb7f29bd807f2
  languageName: node
  linkType: hard

"micromark-factory-destination@npm:^2.0.0":
  version: 2.0.1
  resolution: "micromark-factory-destination@npm:2.0.1"
  dependencies:
    micromark-util-character: "npm:^2.0.0"
    micromark-util-symbol: "npm:^2.0.0"
    micromark-util-types: "npm:^2.0.0"
  checksum: 10/9c4baa9ca2ed43c061bbf40ddd3d85154c2a0f1f485de9dea41d7dd2ad994ebb02034a003b2c1dbe228ba83a0576d591f0e90e0bf978713f84ee7d7f3aa98320
  languageName: node
  linkType: hard

"micromark-factory-label@npm:^2.0.0":
  version: 2.0.1
  resolution: "micromark-factory-label@npm:2.0.1"
  dependencies:
    devlop: "npm:^1.0.0"
    micromark-util-character: "npm:^2.0.0"
    micromark-util-symbol: "npm:^2.0.0"
    micromark-util-types: "npm:^2.0.0"
  checksum: 10/bd03f5a75f27cdbf03b894ddc5c4480fc0763061fecf9eb927d6429233c930394f223969a99472df142d570c831236134de3dc23245d23d9f046f9d0b623b5c2
  languageName: node
  linkType: hard

"micromark-factory-space@npm:^2.0.0":
  version: 2.0.1
  resolution: "micromark-factory-space@npm:2.0.1"
  dependencies:
    micromark-util-character: "npm:^2.0.0"
    micromark-util-types: "npm:^2.0.0"
  checksum: 10/1bd68a017c1a66f4787506660c1e1c5019169aac3b1cb075d49ac5e360e0b2065e984d4e1d6e9e52a9d44000f2fa1c98e66a743d7aae78b4b05616bf3242ed71
  languageName: node
  linkType: hard

"micromark-factory-title@npm:^2.0.0":
  version: 2.0.1
  resolution: "micromark-factory-title@npm:2.0.1"
  dependencies:
    micromark-factory-space: "npm:^2.0.0"
    micromark-util-character: "npm:^2.0.0"
    micromark-util-symbol: "npm:^2.0.0"
    micromark-util-types: "npm:^2.0.0"
  checksum: 10/b4d2e4850a8ba0dff25ce54e55a3eb0d43dda88a16293f53953153288f9d84bcdfa8ca4606b2cfbb4f132ea79587bbb478a73092a349f893f5264fbcdbce2ee1
  languageName: node
  linkType: hard

"micromark-factory-whitespace@npm:^2.0.0":
  version: 2.0.1
  resolution: "micromark-factory-whitespace@npm:2.0.1"
  dependencies:
    micromark-factory-space: "npm:^2.0.0"
    micromark-util-character: "npm:^2.0.0"
    micromark-util-symbol: "npm:^2.0.0"
    micromark-util-types: "npm:^2.0.0"
  checksum: 10/67b3944d012a42fee9e10e99178254a04d48af762b54c10a50fcab988688799993efb038daf9f5dbc04001a97b9c1b673fc6f00e6a56997877ab25449f0c8650
  languageName: node
  linkType: hard

"micromark-util-character@npm:^2.0.0":
  version: 2.1.1
  resolution: "micromark-util-character@npm:2.1.1"
  dependencies:
    micromark-util-symbol: "npm:^2.0.0"
    micromark-util-types: "npm:^2.0.0"
  checksum: 10/85da8f8e5f7ed16046575bef5b0964ca3fca3162b87b74ae279f1e48eb7160891313eb64f04606baed81c58b514dbdb64f1a9d110a51baaaa79225d72a7b1852
  languageName: node
  linkType: hard

"micromark-util-chunked@npm:^2.0.0":
  version: 2.0.1
  resolution: "micromark-util-chunked@npm:2.0.1"
  dependencies:
    micromark-util-symbol: "npm:^2.0.0"
  checksum: 10/f8cb2a67bcefe4bd2846d838c97b777101f0043b9f1de4f69baf3e26bb1f9885948444e3c3aec66db7595cad8173bd4567a000eb933576c233d54631f6323fe4
  languageName: node
  linkType: hard

"micromark-util-classify-character@npm:^2.0.0":
  version: 2.0.1
  resolution: "micromark-util-classify-character@npm:2.0.1"
  dependencies:
    micromark-util-character: "npm:^2.0.0"
    micromark-util-symbol: "npm:^2.0.0"
    micromark-util-types: "npm:^2.0.0"
  checksum: 10/4d8bbe3a6dbf69ac0fc43516866b5bab019fe3f4568edc525d4feaaaf78423fa54e6b6732b5bccbeed924455279a3758ffc9556954aafb903982598a95a02704
  languageName: node
  linkType: hard

"micromark-util-combine-extensions@npm:^2.0.0":
  version: 2.0.1
  resolution: "micromark-util-combine-extensions@npm:2.0.1"
  dependencies:
    micromark-util-chunked: "npm:^2.0.0"
    micromark-util-types: "npm:^2.0.0"
  checksum: 10/5d22fb9ee37e8143adfe128a72b50fa09568c2cc553b3c76160486c96dbbb298c5802a177a10a215144a604b381796071b5d35be1f2c2b2ee17995eda92f0c8e
  languageName: node
  linkType: hard

"micromark-util-decode-numeric-character-reference@npm:^2.0.0":
  version: 2.0.2
  resolution: "micromark-util-decode-numeric-character-reference@npm:2.0.2"
  dependencies:
    micromark-util-symbol: "npm:^2.0.0"
  checksum: 10/ee11c8bde51e250e302050474c4a2adca094bca05c69f6cdd241af12df285c48c88d19ee6e022b9728281c280be16328904adca994605680c43af56019f4b0b6
  languageName: node
  linkType: hard

"micromark-util-decode-string@npm:^2.0.0":
  version: 2.0.1
  resolution: "micromark-util-decode-string@npm:2.0.1"
  dependencies:
    decode-named-character-reference: "npm:^1.0.0"
    micromark-util-character: "npm:^2.0.0"
    micromark-util-decode-numeric-character-reference: "npm:^2.0.0"
    micromark-util-symbol: "npm:^2.0.0"
  checksum: 10/2f517e4c613609445db4b9a17f8c77832f55fb341620a8fd598f083c1227027485d601c2021c2f8f9883210b8671e7b3990f0c6feeecd49a136475465808c380
  languageName: node
  linkType: hard

"micromark-util-encode@npm:^2.0.0":
  version: 2.0.1
  resolution: "micromark-util-encode@npm:2.0.1"
  checksum: 10/be890b98e78dd0cdd953a313f4148c4692cc2fb05533e56fef5f421287d3c08feee38ca679f318e740530791fc251bfe8c80efa926fcceb4419b269c9343d226
  languageName: node
  linkType: hard

"micromark-util-html-tag-name@npm:^2.0.0":
  version: 2.0.1
  resolution: "micromark-util-html-tag-name@npm:2.0.1"
  checksum: 10/dea365f5ad28ad74ff29fcb581f7b74fc1f80271c5141b3b2bc91c454cbb6dfca753f28ae03730d657874fcbd89d0494d0e3965dfdca06d9855f467c576afa9d
  languageName: node
  linkType: hard

"micromark-util-normalize-identifier@npm:^2.0.0":
  version: 2.0.1
  resolution: "micromark-util-normalize-identifier@npm:2.0.1"
  dependencies:
    micromark-util-symbol: "npm:^2.0.0"
  checksum: 10/1eb9a289d7da067323df9fdc78bfa90ca3207ad8fd893ca02f3133e973adcb3743b233393d23d95c84ccaf5d220ae7f5a28402a644f135dcd4b8cfa60a7b5f84
  languageName: node
  linkType: hard

"micromark-util-resolve-all@npm:^2.0.0":
  version: 2.0.1
  resolution: "micromark-util-resolve-all@npm:2.0.1"
  dependencies:
    micromark-util-types: "npm:^2.0.0"
  checksum: 10/9275f3ddb6c26f254dd2158e66215d050454b279707a7d9ce5a3cd0eba23201021cedcb78ae1a746c1b23227dcc418ee40dd074ade195359506797a5493550cc
  languageName: node
  linkType: hard

"micromark-util-sanitize-uri@npm:^2.0.0":
  version: 2.0.1
  resolution: "micromark-util-sanitize-uri@npm:2.0.1"
  dependencies:
    micromark-util-character: "npm:^2.0.0"
    micromark-util-encode: "npm:^2.0.0"
    micromark-util-symbol: "npm:^2.0.0"
  checksum: 10/064c72abfc9777864ca0521a016dde62ab3e7af5215d10fd27e820798500d5d305da638459c589275c1a093cf588f493cc2f65273deac5a5331ecefc6c9ea78a
  languageName: node
  linkType: hard

"micromark-util-subtokenize@npm:^2.0.0":
  version: 2.1.0
  resolution: "micromark-util-subtokenize@npm:2.1.0"
  dependencies:
    devlop: "npm:^1.0.0"
    micromark-util-chunked: "npm:^2.0.0"
    micromark-util-symbol: "npm:^2.0.0"
    micromark-util-types: "npm:^2.0.0"
  checksum: 10/5f18c70cb952a414a4d161f5d6a5254d33c7dfcd56577e592ef2e172a0414058d3531a3554f43538f14e243592fffbc2e68ddaf6a41c54577b3ba7beb555d3dc
  languageName: node
  linkType: hard

"micromark-util-symbol@npm:^2.0.0":
  version: 2.0.1
  resolution: "micromark-util-symbol@npm:2.0.1"
  checksum: 10/497e6d95fc21c2bb5265b78a6a60db518c376dc438739b2e7d4aee6f9f165222711724b456c63163314f32b8eea68a064687711d41e986262926eab23ddb9229
  languageName: node
  linkType: hard

"micromark-util-types@npm:^2.0.0":
  version: 2.0.2
  resolution: "micromark-util-types@npm:2.0.2"
  checksum: 10/a9eb067bd9384eab61942285d53738aa22f3fef4819eaf20249bec6ec13f1e4da2800230fd0ceb7e705108987aa9062fe3e9a8e5e48aa60180db80b9489dc3e2
  languageName: node
  linkType: hard

"micromark@npm:^4.0.0":
  version: 4.0.2
  resolution: "micromark@npm:4.0.2"
  dependencies:
    "@types/debug": "npm:^4.0.0"
    debug: "npm:^4.0.0"
    decode-named-character-reference: "npm:^1.0.0"
    devlop: "npm:^1.0.0"
    micromark-core-commonmark: "npm:^2.0.0"
    micromark-factory-space: "npm:^2.0.0"
    micromark-util-character: "npm:^2.0.0"
    micromark-util-chunked: "npm:^2.0.0"
    micromark-util-combine-extensions: "npm:^2.0.0"
    micromark-util-decode-numeric-character-reference: "npm:^2.0.0"
    micromark-util-encode: "npm:^2.0.0"
    micromark-util-normalize-identifier: "npm:^2.0.0"
    micromark-util-resolve-all: "npm:^2.0.0"
    micromark-util-sanitize-uri: "npm:^2.0.0"
    micromark-util-subtokenize: "npm:^2.0.0"
    micromark-util-symbol: "npm:^2.0.0"
    micromark-util-types: "npm:^2.0.0"
  checksum: 10/1b85e49c8f71013df2d07a59e477deb72cd325d41cc15f35b2aa52b8b7a93fed45498ce3e18ed34464a9afa9ba8a9210b2509454b2a2d16ac06c7429f562bfac
  languageName: node
  linkType: hard

"moo@npm:^0.5.0":
  version: 0.5.2
  resolution: "moo@npm:0.5.2"
  checksum: 10/fee356cb13b52e259c925fe297d71b3f47b98b06444b696dd4870d20cad4711eb58d24131afeba9bf7a51d77c77a3cbe8479066497d12a88abb51865c1be7de7
  languageName: node
  linkType: hard

"ms@npm:^2.1.3":
  version: 2.1.3
  resolution: "ms@npm:2.1.3"
  checksum: 10/aa92de608021b242401676e35cfa5aa42dd70cbdc082b916da7fb925c542173e36bce97ea3e804923fe92c0ad991434e4a38327e15a1b5b5f945d66df615ae6d
  languageName: node
  linkType: hard

"nearley@npm:^2.20.1":
  version: 2.20.1
  resolution: "nearley@npm:2.20.1"
  dependencies:
    commander: "npm:^2.19.0"
    moo: "npm:^0.5.0"
    railroad-diagrams: "npm:^1.0.0"
    randexp: "npm:0.4.6"
  bin:
    nearley-railroad: bin/nearley-railroad.js
    nearley-test: bin/nearley-test.js
    nearley-unparse: bin/nearley-unparse.js
    nearleyc: bin/nearleyc.js
  checksum: 10/b327a07d0fee967ec2b74205fee97c3ff13aeb6c91342443e5f0f00ed11e3fb8ce7e71e21de6a74f094206ebdb571e93c79a58f1fe5414714c97b0e55cd57cb2
  languageName: node
  linkType: hard

"node-sql-parser@npm:^5.3.10":
  version: 5.4.0
  resolution: "node-sql-parser@npm:5.4.0"
  dependencies:
    "@types/pegjs": "npm:^0.10.0"
    big-integer: "npm:^1.6.48"
  checksum: 10/2c0227386afb3ddb13f14dbf93cbbf27fc4bdf5b2cfc612a9a0229b54f0cd6e32f5c454739420766c8075e3a2d49f1001f9220d543d368fd53696f3a56b1f395
  languageName: node
  linkType: hard

"picomatch@npm:^4.0.3":
  version: 4.0.3
  resolution: "picomatch@npm:4.0.3"
  checksum: 10/57b99055f40b16798f2802916d9c17e9744e620a0db136554af01d19598b96e45e2f00014c91d1b8b13874b80caa8c295b3d589a3f72373ec4aaf54baa5962d5
  languageName: node
  linkType: hard

"prettier-plugin-curly@npm:^0.4.1":
  version: 0.4.1
  resolution: "prettier-plugin-curly@npm:0.4.1"
  peerDependencies:
    prettier: ^3
  checksum: 10/1ef71f874253a98a6f5e644bfe34f8f6b89138c261015c9768a4dc321eaa905cf842fea3fb3ab5c026a3662c4f83ef1b729459cad0b60e2b61a0c1835af916e6
  languageName: node
  linkType: hard

"prettier-plugin-jsdoc@npm:^1.3.3":
  version: 1.8.0
  resolution: "prettier-plugin-jsdoc@npm:1.8.0"
  dependencies:
    binary-searching: "npm:^2.0.5"
    comment-parser: "npm:^1.4.0"
    mdast-util-from-markdown: "npm:^2.0.0"
  peerDependencies:
    prettier: ^3.0.0
  checksum: 10/f25412b87b74f77606addb718207b6273d41697a04931c52e011c6c637fdebfeca57a1572523cb95e144e808840af1399b5fd72767d14281ea2066c0b8b70b11
  languageName: node
  linkType: hard

"prettier-plugin-multiline-arrays@npm:^4.1.4":
  version: 4.1.4
  resolution: "prettier-plugin-multiline-arrays@npm:4.1.4"
  dependencies:
    "@augment-vir/assert": "npm:^31.59.3"
    "@augment-vir/common": "npm:^31.59.3"
    proxy-vir: "npm:^2.0.2"
  peerDependencies:
    prettier: ">=3.0.0 <4.0.0"
  checksum: 10/16f3d281921885c0e2a8c7186c3a8f80d2eabad9377066a9a5a81afe1ad6687a9ee6821331c49f274d9e85273619d6312ef6346517c61f2895e4944c970ed50f
  languageName: node
  linkType: hard

"prettier-plugin-organize-imports@npm:^4.3.0":
  version: 4.3.0
  resolution: "prettier-plugin-organize-imports@npm:4.3.0"
  peerDependencies:
    prettier: ">=2.0"
    typescript: ">=2.9"
    vue-tsc: ^2.1.0 || 3
  peerDependenciesMeta:
    vue-tsc:
      optional: true
  checksum: 10/ca2353d0f7dc1447b84826652a64a96db0c52960f9a9736a4798e5db37dee846b36258050b626bc5abadc00c863f974dd1524dabb989b3db780d88acd01ca04f
  languageName: node
  linkType: hard

"prettier-plugin-packagejson@npm:^3.0.0":
  version: 3.0.0
  resolution: "prettier-plugin-packagejson@npm:3.0.0"
  dependencies:
    sort-package-json: "npm:3.6.0"
  peerDependencies:
    prettier: ^3
  peerDependenciesMeta:
    prettier:
      optional: true
  checksum: 10/00378f77c50d411d9e78d8de91f9f7ced37253730f0a66371fe9d549de53927c8828f2921c068cf22a763f843224a15e924a985a482fa3d83ab60e23526e0ee6
  languageName: node
  linkType: hard

"prettier-plugin-prisma@npm:^5.0.0":
  version: 5.0.0
  resolution: "prettier-plugin-prisma@npm:5.0.0"
  dependencies:
    "@prisma/prisma-schema-wasm": "npm:4.17.0-26.6b0aef69b7cdfc787f822ecd7cdc76d5f1991584"
  peerDependencies:
    prettier: ">=2 || >=3"
  checksum: 10/3dffcf276552f8e82f40dac7c2bfe8cf213c73ce55acbd87d3e680ea3eccfb716f692d9cb926674f6ccc940059488df257227b64cffdad6576a22238a043cb78
  languageName: node
  linkType: hard

"prettier-plugin-sh@npm:^0.18.0":
  version: 0.18.0
  resolution: "prettier-plugin-sh@npm:0.18.0"
  dependencies:
    "@reteps/dockerfmt": "npm:^0.3.6"
    sh-syntax: "npm:^0.5.8"
  peerDependencies:
    prettier: ^3.6.0
  checksum: 10/649d5823f3361695cf394d3302874b9219a3e00c075f19c79084ca97de5530019153733c4d6a8d041af0c930004fcff69b31d0a89338683dc9ae3122a12fa3df
  languageName: node
  linkType: hard

"prettier-plugin-sql@npm:^0.19.2":
  version: 0.19.2
  resolution: "prettier-plugin-sql@npm:0.19.2"
  dependencies:
    jsox: "npm:^1.2.123"
    node-sql-parser: "npm:^5.3.10"
    sql-formatter: "npm:^15.6.5"
    tslib: "npm:^2.8.1"
  peerDependencies:
    prettier: ^3.0.3
  checksum: 10/7026adb93afdd9ba21ce8a0bb602b38a51dc6e5417d96b56966cd43cbc9ffebfe53f7b3671b60972929be756163c3a10785cf11a460d49dce5b76994c5a98042
  languageName: node
  linkType: hard

"prettier-plugin-tailwindcss@npm:^0.7.2":
  version: 0.7.2
  resolution: "prettier-plugin-tailwindcss@npm:0.7.2"
  peerDependencies:
    "@ianvs/prettier-plugin-sort-imports": "*"
    "@prettier/plugin-hermes": "*"
    "@prettier/plugin-oxc": "*"
    "@prettier/plugin-pug": "*"
    "@shopify/prettier-plugin-liquid": "*"
    "@trivago/prettier-plugin-sort-imports": "*"
    "@zackad/prettier-plugin-twig": "*"
    prettier: ^3.0
    prettier-plugin-astro: "*"
    prettier-plugin-css-order: "*"
    prettier-plugin-jsdoc: "*"
    prettier-plugin-marko: "*"
    prettier-plugin-multiline-arrays: "*"
    prettier-plugin-organize-attributes: "*"
    prettier-plugin-organize-imports: "*"
    prettier-plugin-sort-imports: "*"
    prettier-plugin-svelte: "*"
  peerDependenciesMeta:
    "@ianvs/prettier-plugin-sort-imports":
      optional: true
    "@prettier/plugin-hermes":
      optional: true
    "@prettier/plugin-oxc":
      optional: true
    "@prettier/plugin-pug":
      optional: true
    "@shopify/prettier-plugin-liquid":
      optional: true
    "@trivago/prettier-plugin-sort-imports":
      optional: true
    "@zackad/prettier-plugin-twig":
      optional: true
    prettier-plugin-astro:
      optional: true
    prettier-plugin-css-order:
      optional: true
    prettier-plugin-jsdoc:
      optional: true
    prettier-plugin-marko:
      optional: true
    prettier-plugin-multiline-arrays:
      optional: true
    prettier-plugin-organize-attributes:
      optional: true
    prettier-plugin-organize-imports:
      optional: true
    prettier-plugin-sort-imports:
      optional: true
    prettier-plugin-svelte:
      optional: true
  checksum: 10/c77253025d62555e761b0a76df6e5c73d48d96a259ac157de9c21f11a7851fd2b434c27b296b119530895a57fe87c8cf337b0df0bff97b2bc1a0d48a442b0d99
  languageName: node
  linkType: hard

"prettier@npm:^3.8.1":
  version: 3.8.1
  resolution: "prettier@npm:3.8.1"
  bin:
    prettier: bin/prettier.cjs
  checksum: 10/3da1cf8c1ef9bea828aa618553696c312e951f810bee368f6887109b203f18ee869fe88f66e65f9cf60b7cb1f2eae859892c860a300c062ff8ec69c381fc8dbd
  languageName: node
  linkType: hard

"proxy-vir@npm:^2.0.2":
  version: 2.0.2
  resolution: "proxy-vir@npm:2.0.2"
  dependencies:
    "@augment-vir/assert": "npm:^31.59.3"
    "@augment-vir/common": "npm:^31.59.3"
  checksum: 10/2a27f147e3b767325cfe30d235de8577ebb9a4471497881320142c77a54c2df218182ce022625208951e327965946a8f71d0a8aeb630418bfebc7c8348df6fc9
  languageName: node
  linkType: hard

"railroad-diagrams@npm:^1.0.0":
  version: 1.0.0
  resolution: "railroad-diagrams@npm:1.0.0"
  checksum: 10/5349cf7a27f28c2cd152b525964624e0d0a795ab062d01682084381570fbb07ab877035771bcfb27cd5b6a7ee9f8371ecc34ccc8c3bde3443676230a59a7a85e
  languageName: node
  linkType: hard

"randexp@npm:0.4.6":
  version: 0.4.6
  resolution: "randexp@npm:0.4.6"
  dependencies:
    discontinuous-range: "npm:1.0.0"
    ret: "npm:~0.1.10"
  checksum: 10/ae6d213ec8018b2d22960d2b73ee7a4e25f85050a11dc485b6d3a06ace318ca567353b1d75d8d11f529b7ed6bdeb52644b789307ef42812bf5da2ade4f85e113
  languageName: node
  linkType: hard

"ret@npm:~0.1.10":
  version: 0.1.15
  resolution: "ret@npm:0.1.15"
  checksum: 10/07c9e7619b4c86053fa57689bf7606b5a40fc1231fc87682424d0b3e296641cc19c218c3b8a8917305fbcca3bfc43038a5b6a63f54755c1bbca2f91857253b03
  languageName: node
  linkType: hard

"semver@npm:^7.5.4":
  version: 7.7.4
  resolution: "semver@npm:7.7.4"
  bin:
    semver: bin/semver.js
  checksum: 10/26bdc6d58b29528f4142d29afb8526bc335f4fc04c4a10f2b98b217f277a031c66736bf82d3d3bb354a2f6a3ae50f18fd62b053c4ac3f294a3d10a61f5075b75
  languageName: node
  linkType: hard

"sh-syntax@npm:^0.5.8":
  version: 0.5.8
  resolution: "sh-syntax@npm:0.5.8"
  dependencies:
    tslib: "npm:^2.8.1"
  checksum: 10/cbc046244b81a997f988f7f2244f953756332720c82054c22d4680d4eee5dc3c5058c9bd84c13b3e9c320ba25970a99e24be465cf265f41ef7cb4c4030cab6d1
  languageName: node
  linkType: hard

"sort-object-keys@npm:^2.0.1":
  version: 2.1.0
  resolution: "sort-object-keys@npm:2.1.0"
  checksum: 10/a0a18a6f4ab601adb889204a83e2664a4810042dd9680e588cabb47fffd40473939ce3fda5a28fdb58bac0762a7b45ad442815465b978d4b243bab840df3d7cd
  languageName: node
  linkType: hard

"sort-package-json@npm:3.6.0":
  version: 3.6.0
  resolution: "sort-package-json@npm:3.6.0"
  dependencies:
    detect-indent: "npm:^7.0.2"
    detect-newline: "npm:^4.0.1"
    git-hooks-list: "npm:^4.1.1"
    is-plain-obj: "npm:^4.1.0"
    semver: "npm:^7.7.3"
    sort-object-keys: "npm:^2.0.1"
    tinyglobby: "npm:^0.2.15"
  bin:
    sort-package-json: cli.js
  checksum: 10/1489edd177dc325c1e5fbfa55e9583dfea8caa950363b43f797d99986f00b722644275f4dfd5491265519365d6394a5fec9fe5d360ed83b74317fdc9fc071ba1
  languageName: node
  linkType: hard

"sql-formatter@npm:^15.6.5":
  version: 15.7.2
  resolution: "sql-formatter@npm:15.7.2"
  dependencies:
    argparse: "npm:^2.0.1"
    nearley: "npm:^2.20.1"
  bin:
    sql-formatter: bin/sql-formatter-cli.cjs
  checksum: 10/149caa553f2a083de2dbd61d3c712c0c9b9c5c613ca4a380bb6945b1fa39780e1c6c5c7ab641140ada1f98a4deca01adb91560ffa25167e1a0ec4ebc2ba9d7ae
  languageName: node
  linkType: hard

"tagged-tag@npm:^1.0.0":
  version: 1.0.0
  resolution: "tagged-tag@npm:1.0.0"
  checksum: 10/e37653df3e495daa7ea7790cb161b810b00075bba2e4d6c93fb06a709e747e3ae9da11a120d0489833203926511b39e038a2affbd9d279cfb7a2f3fcccd30b5d
  languageName: node
  linkType: hard

"tinyglobby@npm:^0.2.15":
  version: 0.2.15
  resolution: "tinyglobby@npm:0.2.15"
  dependencies:
    fdir: "npm:^6.5.0"
    picomatch: "npm:^4.0.3"
  checksum: 10/d72bd826a8b0fa5fa3929e7fe5ba48fceb2ae495df3a231b6c5408cd7d8c00b58ab5a9c2a76ba56a62ee9b5e083626f1f33599734bed1ffc4b792406408f0ca2
  languageName: node
  linkType: hard

"tslib@npm:^2.8.1":
  version: 2.8.1
  resolution: "tslib@npm:2.8.1"
  checksum: 10/3e2e043d5c2316461cb54e5c7fe02c30ef6dccb3384717ca22ae5c6b5bc95232a6241df19c622d9c73b809bea33b187f6dbc73030963e29950c2141bc32a79f7
  languageName: node
  linkType: hard

"type-fest@npm:^5.4.4":
  version: 5.4.4
  resolution: "type-fest@npm:5.4.4"
  dependencies:
    tagged-tag: "npm:^1.0.0"
  checksum: 10/0bbdca645f95740587f389a2d712fe8d5e9ab7d13e74aac97cf396112510abcaab6b75fd90d65172bc13b02fdfc827e6a871322cc9c1c1a5a2754d9ab264c6f5
  languageName: node
  linkType: hard

"typed-event-target@npm:^4.1.0":
  version: 4.1.0
  resolution: "typed-event-target@npm:4.1.0"
  dependencies:
    "@augment-vir/assert": "npm:^31.19.1"
    "@augment-vir/common": "npm:^31.19.1"
    "@augment-vir/core": "npm:^31.19.1"
  checksum: 10/88ad044db71d83790101c9534f4620b3614adaff08d3b330bd1aa284c5a89a63e1fbbf5677d1c636dde2cdc0519f394c77a51f0473b83982b095f4643e4632d9
  languageName: node
  linkType: hard

"typescript@npm:^5.9.3":
  version: 5.9.3
  resolution: "typescript@npm:5.9.3"
  bin:
    tsc: bin/tsc
    tsserver: bin/tsserver
  checksum: 10/c089d9d3da2729fd4ac517f9b0e0485914c4b3c26f80dc0cffcb5de1719a17951e92425d55db59515c1a7ddab65808466debb864d0d56dcf43f27007d0709594
  languageName: node
  linkType: hard

"typescript@patch:typescript@npm%3A^5.9.3#optional!builtin<compat/typescript>":
  version: 5.9.3
  resolution: "typescript@patch:typescript@npm%3A5.9.3#optional!builtin<compat/typescript>::version=5.9.3&hash=5786d5"
  bin:
    tsc: bin/tsc
    tsserver: bin/tsserver
  checksum: 10/696e1b017bc2635f4e0c94eb4435357701008e2f272f553d06e35b494b8ddc60aa221145e286c28ace0c89ee32827a28c2040e3a69bdc108b1a5dc8fb40b72e3
  languageName: node
  linkType: hard

"unist-util-stringify-position@npm:^4.0.0":
  version: 4.0.0
  resolution: "unist-util-stringify-position@npm:4.0.0"
  dependencies:
    "@types/unist": "npm:^3.0.0"
  checksum: 10/d15c88aca7a31902d95d5b5355bbe09583cf6f6ff6e59e134ef76c76d3c30bc1021f2d7ea5b7897c6d0858ed5f3770c1b19de9c78274f50d72f95a0d05f1af71
  languageName: node
  linkType: hard
